<?xml version="1.0" encoding="utf-8"?>
<Project ToolsVersion="4.0" xmlns="http://schemas.microsoft.com/developer/msbuild/2003">
  <ItemGroup>
    <Filter Include="Main">
      <UniqueIdentifier>{90567909-f846-4bc0-acdd-83824af82a29}</UniqueIdentifier>
    </Filter>
    <Filter Include="Board">
      <UniqueIdentifier>{4f53c3ad-4f2f-4401-9c52-5e0ff2226a5e}</UniqueIdentifier>
    </Filter>
  </ItemGroup>
  <ItemGroup>
    <ClCompile Include="Maze.cpp">
      <Filter>Main</Filter>
    </ClCompile>
    <ClCompile Include="pch.cpp">
      <Filter>Main</Filter>
    </ClCompile>
    <ClCompile Include="ConsoleHelper.cpp">
      <Filter>Board</Filter>
    </ClCompile>
    <ClCompile Include="Board.cpp">
      <Filter>Board</Filter>
    </ClCompile>
    <ClCompile Include="Player.cpp">
      <Filter>Main</Filter>
    </ClCompile>
  </ItemGroup>
  <ItemGroup>
    <ClInclude Include="pch.h">
      <Filter>Main</Filter>
    </ClInclude>
    <ClInclude Include="Types.h">
      <Filter>Main</Filter>
    </ClInclude>
    <ClInclude Include="ConsoleHelper.h">
      <Filter>Board</Filter>
    </ClInclude>
    <ClInclude Include="Board.h">
      <Filter>Board</Filter>
    </ClInclude>
    <ClInclude Include="Player.h">
      <Filter>Main</Filter>
    </ClInclude>
  </ItemGroup>
</Project>